
Microsoft Visual Studio Solution File, Format Version 12.00
# Visual Studio Version 17
VisualStudioVersion = 17.7.34202.233
MinimumVisualStudioVersion = 10.0.40219.1
Project("{888888A0-9F3D-457C-B088-3A5042F75D52}") = "tgBotToObsidian", "tgBotToObsidian\tgBotToObsidian.pyproj", "{0BDC03D3-4ED3-4ED6-9278-0AFDC9A69DE4}"
EndProject
Global
	GlobalSection(SolutionConfigurationPlatforms) = preSolution
		Debug|Any CPU = Debug|Any CPU
		Release|Any CPU = Release|Any CPU
	EndGlobalSection
	GlobalSection(ProjectConfigurationPlatforms) = postSolution
		{0BDC03D3-4ED3-4ED6-9278-0AFDC9A69DE4}.Debug|Any CPU.ActiveCfg = Debug|Any CPU
		{0BDC03D3-4ED3-4ED6-9278-0AFDC9A69DE4}.Release|Any CPU.ActiveCfg = Release|Any CPU
	EndGlobalSection
	GlobalSection(SolutionProperties) = preSolution
		HideSolutionNode = FALSE
	EndGlobalSection
	GlobalSection(ExtensibilityGlobals) = postSolution
		SolutionGuid = {77BFCA5B-9FC0-49A5-B9E1-127E92D5E949}
	EndGlobalSection
EndGlobal
